# @generated - this file is auto-generated by `mise lock` https://mise.jdx.dev/dev-tools/mise-lock.html

[[tools."aqua:a8m/envsubst"]]
version = "1.4.3"
backend = "aqua:a8m/envsubst"

[tools."aqua:a8m/envsubst"."platforms.linux-arm64"]
checksum = "md5:6d4a9e5ea75525bff5cfc44c65030c95"
url = "https://github.com/a8m/envsubst/releases/download/v1.4.3/envsubst-Linux-arm64"

[tools."aqua:a8m/envsubst"."platforms.linux-arm64-musl"]
checksum = "md5:6d4a9e5ea75525bff5cfc44c65030c95"
url = "https://github.com/a8m/envsubst/releases/download/v1.4.3/envsubst-Linux-arm64"

[tools."aqua:a8m/envsubst"."platforms.linux-x64"]
checksum = "md5:f16bdc6948726c00d3d96908221464e1"
url = "https://github.com/a8m/envsubst/releases/download/v1.4.3/envsubst-Linux-x86_64"

[tools."aqua:a8m/envsubst"."platforms.linux-x64-musl"]
checksum = "md5:f16bdc6948726c00d3d96908221464e1"
url = "https://github.com/a8m/envsubst/releases/download/v1.4.3/envsubst-Linux-x86_64"

[tools."aqua:a8m/envsubst"."platforms.macos-arm64"]
checksum = "md5:d0060b1585156176354f96cd570a4cc1"
url = "https://github.com/a8m/envsubst/releases/download/v1.4.3/envsubst-Darwin-arm64"

[tools."aqua:a8m/envsubst"."platforms.macos-x64"]
checksum = "md5:f0c1f592bff9f2842b4bcf4d6e7aac10"
url = "https://github.com/a8m/envsubst/releases/download/v1.4.3/envsubst-Darwin-x86_64"

[tools."aqua:a8m/envsubst"."platforms.windows-x64"]
checksum = "md5:e35ad08861db03c07b19ba782bb0d53e"
url = "https://github.com/a8m/envsubst/releases/download/v1.4.3/envsubst.exe"

[[tools."aqua:bitwarden/clients"]]
version = "2026.2.0"
backend = "aqua:bitwarden/clients"

[tools."aqua:bitwarden/clients"."platforms.linux-x64"]
checksum = "sha256:8d73e2a471993db8b2e6e4f69293a71e28e9b4c2cb4b696665f5f396126e1850"
url = "https://github.com/bitwarden/clients/releases/download/cli-v2026.2.0/bw-linux-2026.2.0.zip"

[tools."aqua:bitwarden/clients"."platforms.linux-x64-musl"]
checksum = "sha256:8d73e2a471993db8b2e6e4f69293a71e28e9b4c2cb4b696665f5f396126e1850"
url = "https://github.com/bitwarden/clients/releases/download/cli-v2026.2.0/bw-linux-2026.2.0.zip"

[tools."aqua:bitwarden/clients"."platforms.macos-arm64"]
checksum = "sha256:60cc5109b1cdad560231e02098f1ab2d16efa821d51c6ec089cb5c3cc351b2e5"
url = "https://github.com/bitwarden/clients/releases/download/cli-v2026.2.0/bw-macos-2026.2.0.zip"

[tools."aqua:bitwarden/clients"."platforms.macos-x64"]
checksum = "sha256:60cc5109b1cdad560231e02098f1ab2d16efa821d51c6ec089cb5c3cc351b2e5"
url = "https://github.com/bitwarden/clients/releases/download/cli-v2026.2.0/bw-macos-2026.2.0.zip"

[tools."aqua:bitwarden/clients"."platforms.windows-x64"]
checksum = "sha256:6e7fe65ef0d0401af20bb739cb81469a0c001d9ee249ceea4a86974ae27a4c46"
url = "https://github.com/bitwarden/clients/releases/download/cli-v2026.2.0/bw-windows-2026.2.0.zip"

[[tools."aqua:cli/cli"]]
version = "2.89.0"
backend = "aqua:cli/cli"

[tools."aqua:cli/cli"."platforms.linux-arm64"]
checksum = "sha256:9e64a623dfc242990aa5d9b3f507111149c4282f66b68eaad1dc79eeb13b9ce5"
url = "https://github.com/cli/cli/releases/download/v2.89.0/gh_2.89.0_linux_arm64.tar.gz"

[tools."aqua:cli/cli"."platforms.linux-arm64-musl"]
checksum = "sha256:9e64a623dfc242990aa5d9b3f507111149c4282f66b68eaad1dc79eeb13b9ce5"
url = "https://github.com/cli/cli/releases/download/v2.89.0/gh_2.89.0_linux_arm64.tar.gz"

[tools."aqua:cli/cli"."platforms.linux-x64"]
checksum = "sha256:d0422caade520530e76c1c558da47daebaa8e1203d6b7ff10ad7d6faba3490d8"
url = "https://github.com/cli/cli/releases/download/v2.89.0/gh_2.89.0_linux_amd64.tar.gz"

[tools."aqua:cli/cli"."platforms.linux-x64-musl"]
checksum = "sha256:d0422caade520530e76c1c558da47daebaa8e1203d6b7ff10ad7d6faba3490d8"
url = "https://github.com/cli/cli/releases/download/v2.89.0/gh_2.89.0_linux_amd64.tar.gz"

[tools."aqua:cli/cli"."platforms.macos-arm64"]
checksum = "sha256:2423d02ec0a2094898c378703a1b28a5846c08700f87461363857cb8cb3fda94"
url = "https://github.com/cli/cli/releases/download/v2.89.0/gh_2.89.0_macOS_arm64.zip"

[tools."aqua:cli/cli"."platforms.macos-x64"]
checksum = "sha256:862e21cac6a71f81e7cd6e5127e3cd344f8537441ad2db94cd208319dd17b6e9"
url = "https://github.com/cli/cli/releases/download/v2.89.0/gh_2.89.0_macOS_amd64.zip"

[tools."aqua:cli/cli"."platforms.windows-x64"]
checksum = "sha256:f3326f6406c98c99701b257d77e2b040eedf83d0176c2c2e9809aa339ceb467e"
url = "https://github.com/cli/cli/releases/download/v2.89.0/gh_2.89.0_windows_amd64.zip"

[[tools."aqua:dandavison/delta"]]
version = "0.16.5"
backend = "aqua:dandavison/delta"

[tools."aqua:dandavison/delta"."platforms.linux-arm64"]
url = "https://github.com/dandavison/delta/releases/download/0.16.5/delta-0.16.5-aarch64-unknown-linux-gnu.tar.gz"

[tools."aqua:dandavison/delta"."platforms.linux-arm64-musl"]
url = "https://github.com/dandavison/delta/releases/download/0.16.5/delta-0.16.5-aarch64-unknown-linux-gnu.tar.gz"

[tools."aqua:dandavison/delta"."platforms.linux-x64"]
url = "https://github.com/dandavison/delta/releases/download/0.16.5/delta-0.16.5-x86_64-unknown-linux-musl.tar.gz"

[tools."aqua:dandavison/delta"."platforms.linux-x64-musl"]
url = "https://github.com/dandavison/delta/releases/download/0.16.5/delta-0.16.5-x86_64-unknown-linux-musl.tar.gz"

[tools."aqua:dandavison/delta"."platforms.macos-arm64"]
url = "https://github.com/dandavison/delta/releases/download/0.16.5/delta-0.16.5-aarch64-apple-darwin.tar.gz"

[tools."aqua:dandavison/delta"."platforms.macos-x64"]
url = "https://github.com/dandavison/delta/releases/download/0.16.5/delta-0.16.5-x86_64-apple-darwin.tar.gz"

[tools."aqua:dandavison/delta"."platforms.windows-x64"]
url = "https://github.com/dandavison/delta/releases/download/0.16.5/delta-0.16.5-x86_64-pc-windows-msvc.zip"

[[tools."aqua:go-task/task"]]
version = "3.49.1"
backend = "aqua:go-task/task"

[tools."aqua:go-task/task"."platforms.linux-arm64"]
checksum = "sha256:aa6732c9c66397c5380ec2b60c070fd599075b2a8538dba03f3a21edc99ab0cb"
url = "https://github.com/go-task/task/releases/download/v3.49.1/task_linux_arm64.tar.gz"

[tools."aqua:go-task/task"."platforms.linux-arm64-musl"]
checksum = "sha256:aa6732c9c66397c5380ec2b60c070fd599075b2a8538dba03f3a21edc99ab0cb"
url = "https://github.com/go-task/task/releases/download/v3.49.1/task_linux_arm64.tar.gz"

[tools."aqua:go-task/task"."platforms.linux-x64"]
checksum = "sha256:4e7d24f1bf38218aec8f244eb7ba671f898830f9f87b3c9b30ff1c09e3135576"
url = "https://github.com/go-task/task/releases/download/v3.49.1/task_linux_amd64.tar.gz"

[tools."aqua:go-task/task"."platforms.linux-x64-musl"]
checksum = "sha256:4e7d24f1bf38218aec8f244eb7ba671f898830f9f87b3c9b30ff1c09e3135576"
url = "https://github.com/go-task/task/releases/download/v3.49.1/task_linux_amd64.tar.gz"

[tools."aqua:go-task/task"."platforms.macos-arm64"]
checksum = "sha256:0f556b66df69d53b790c7fd26bfab73543b4a5ce1767df6b2e8499619e2a205b"
url = "https://github.com/go-task/task/releases/download/v3.49.1/task_darwin_arm64.tar.gz"

[tools."aqua:go-task/task"."platforms.macos-x64"]
checksum = "sha256:8bc4dd3baed1c71956ade0bb0a9c1b94e3ed7b65e7f2ff3aab13d0562c820e59"
url = "https://github.com/go-task/task/releases/download/v3.49.1/task_darwin_amd64.tar.gz"

[tools."aqua:go-task/task"."platforms.windows-x64"]
checksum = "sha256:725c551f699d4d6c0dc57bd8148f72bef8d5b2fb650d9c985f271a61522fd521"
url = "https://github.com/go-task/task/releases/download/v3.49.1/task_windows_amd64.zip"

[[tools."aqua:jqlang/jq"]]
version = "1.8.1"
backend = "aqua:jqlang/jq"

[tools."aqua:jqlang/jq"."platforms.linux-arm64"]
checksum = "sha256:6bc62f25981328edd3cfcfe6fe51b073f2d7e7710d7ef7fcdac28d4e384fc3d4"
url = "https://github.com/jqlang/jq/releases/download/jq-1.8.1/jq-linux-arm64"

[tools."aqua:jqlang/jq"."platforms.linux-arm64-musl"]
checksum = "sha256:6bc62f25981328edd3cfcfe6fe51b073f2d7e7710d7ef7fcdac28d4e384fc3d4"
url = "https://github.com/jqlang/jq/releases/download/jq-1.8.1/jq-linux-arm64"

[tools."aqua:jqlang/jq"."platforms.linux-x64"]
checksum = "sha256:020468de7539ce70ef1bceaf7cde2e8c4f2ca6c3afb84642aabc5c97d9fc2a0d"
url = "https://github.com/jqlang/jq/releases/download/jq-1.8.1/jq-linux-amd64"

[tools."aqua:jqlang/jq"."platforms.linux-x64-musl"]
checksum = "sha256:020468de7539ce70ef1bceaf7cde2e8c4f2ca6c3afb84642aabc5c97d9fc2a0d"
url = "https://github.com/jqlang/jq/releases/download/jq-1.8.1/jq-linux-amd64"

[tools."aqua:jqlang/jq"."platforms.macos-arm64"]
checksum = "sha256:a9fe3ea2f86dfc72f6728417521ec9067b343277152b114f4e98d8cb0e263603"
url = "https://github.com/jqlang/jq/releases/download/jq-1.8.1/jq-macos-arm64"

[tools."aqua:jqlang/jq"."platforms.macos-x64"]
checksum = "sha256:e80dbe0d2a2597e3c11c404f03337b981d74b4a8504b70586c354b7697a7c27f"
url = "https://github.com/jqlang/jq/releases/download/jq-1.8.1/jq-macos-amd64"

[tools."aqua:jqlang/jq"."platforms.windows-x64"]
checksum = "sha256:23cb60a1354eed6bcc8d9b9735e8c7b388cd1fdcb75726b93bc299ef22dd9334"
url = "https://github.com/jqlang/jq/releases/download/jq-1.8.1/jq-windows-amd64.exe"

[[tools."aqua:junegunn/fzf"]]
version = "0.70.0"
backend = "aqua:junegunn/fzf"

[tools."aqua:junegunn/fzf"."platforms.linux-arm64"]
checksum = "sha256:90a07a13b61f56dd59ccfd0f0bf05070e9cec067713d313fa2607aab2dc0e422"
url = "https://github.com/junegunn/fzf/releases/download/v0.70.0/fzf-0.70.0-linux_arm64.tar.gz"

[tools."aqua:junegunn/fzf"."platforms.linux-arm64-musl"]
checksum = "sha256:90a07a13b61f56dd59ccfd0f0bf05070e9cec067713d313fa2607aab2dc0e422"
url = "https://github.com/junegunn/fzf/releases/download/v0.70.0/fzf-0.70.0-linux_arm64.tar.gz"

[tools."aqua:junegunn/fzf"."platforms.linux-x64"]
checksum = "sha256:8fd0e0b93bdf64ba90081ffb6658d77ea5a024c122b36852b1de30f9d2733754"
url = "https://github.com/junegunn/fzf/releases/download/v0.70.0/fzf-0.70.0-linux_amd64.tar.gz"

[tools."aqua:junegunn/fzf"."platforms.linux-x64-musl"]
checksum = "sha256:8fd0e0b93bdf64ba90081ffb6658d77ea5a024c122b36852b1de30f9d2733754"
url = "https://github.com/junegunn/fzf/releases/download/v0.70.0/fzf-0.70.0-linux_amd64.tar.gz"

[tools."aqua:junegunn/fzf"."platforms.macos-arm64"]
checksum = "sha256:75f4905c2e3d00666d81dffdd001bb2a9a8e0ad4e4ac8cecfc17a7401b99e6e4"
url = "https://github.com/junegunn/fzf/releases/download/v0.70.0/fzf-0.70.0-darwin_arm64.tar.gz"

[tools."aqua:junegunn/fzf"."platforms.macos-x64"]
checksum = "sha256:46af74cfeb171c5e2eb936096a653061a0de0f5aeb70319bf9935d8d193e078f"
url = "https://github.com/junegunn/fzf/releases/download/v0.70.0/fzf-0.70.0-darwin_amd64.tar.gz"

[tools."aqua:junegunn/fzf"."platforms.windows-x64"]
checksum = "sha256:7465a6738e2c844742df973459c7509aed2d10d7a72bfd6de201b867b4eda4cd"
url = "https://github.com/junegunn/fzf/releases/download/v0.70.0/fzf-0.70.0-windows_amd64.zip"

[[tools.go]]
version = "1.26.1"
backend = "core:go"

[tools.go."platforms.linux-arm64"]
checksum = "sha256:a290581cfe4fe28ddd737dde3095f3dbeb7f2e4065cab4eae44dfc53b760c2f7"
url = "https://dl.google.com/go/go1.26.1.linux-arm64.tar.gz"

[tools.go."platforms.linux-arm64-musl"]
checksum = "sha256:a290581cfe4fe28ddd737dde3095f3dbeb7f2e4065cab4eae44dfc53b760c2f7"
url = "https://dl.google.com/go/go1.26.1.linux-arm64.tar.gz"

[tools.go."platforms.linux-x64"]
checksum = "sha256:031f088e5d955bab8657ede27ad4e3bc5b7c1ba281f05f245bcc304f327c987a"
url = "https://dl.google.com/go/go1.26.1.linux-amd64.tar.gz"

[tools.go."platforms.linux-x64-musl"]
checksum = "sha256:031f088e5d955bab8657ede27ad4e3bc5b7c1ba281f05f245bcc304f327c987a"
url = "https://dl.google.com/go/go1.26.1.linux-amd64.tar.gz"

[tools.go."platforms.macos-arm64"]
checksum = "sha256:353df43a7811ce284c8938b5f3c7df40b7bfb6f56cb165b150bc40b5e2dd541f"
url = "https://dl.google.com/go/go1.26.1.darwin-arm64.tar.gz"

[tools.go."platforms.macos-x64"]
checksum = "sha256:65773dab2f8cc4cd23d93ba6d0a805de150ca0b78378879292be0b903b8cdd08"
url = "https://dl.google.com/go/go1.26.1.darwin-amd64.tar.gz"

[tools.go."platforms.windows-x64"]
checksum = "sha256:9b68112c913f45b7aebbf13c036721264bbba7e03a642f8f7490c561eebd1ecc"
url = "https://dl.google.com/go/go1.26.1.windows-amd64.zip"

[[tools."go:github.com/ankitpokhrel/jira-cli/cmd/jira"]]
version = "1.7.0"
backend = "go:github.com/ankitpokhrel/jira-cli/cmd/jira"

[[tools."go:github.com/kubecolor/kubecolor"]]
version = "0.5.3"
backend = "go:github.com/kubecolor/kubecolor"

[[tools.node]]
version = "24.1.0"
backend = "core:node"

[tools.node."platforms.linux-arm64"]
checksum = "sha256:4ed15737d3781baa7d69b6a2e576507666229208fd25c83d58abf8d95b6a56f3"
url = "https://nodejs.org/dist/v24.1.0/node-v24.1.0-linux-arm64.tar.gz"

[tools.node."platforms.linux-arm64-musl"]
checksum = "sha256:4ed15737d3781baa7d69b6a2e576507666229208fd25c83d58abf8d95b6a56f3"
url = "https://nodejs.org/dist/v24.1.0/node-v24.1.0-linux-arm64.tar.gz"

[tools.node."platforms.linux-x64"]
checksum = "sha256:4d2beaa55d962c1b31d6a4663cc831087f79f83f304a066963b65c8f4495843f"
url = "https://nodejs.org/dist/v24.1.0/node-v24.1.0-linux-x64.tar.gz"

[tools.node."platforms.linux-x64-musl"]
checksum = "sha256:4d2beaa55d962c1b31d6a4663cc831087f79f83f304a066963b65c8f4495843f"
url = "https://nodejs.org/dist/v24.1.0/node-v24.1.0-linux-x64.tar.gz"

[tools.node."platforms.macos-arm64"]
checksum = "sha256:d474192c55b9f54ead37310dfab54431b9ba841fb8abdf8ca800e7a227afc1fb"
url = "https://nodejs.org/dist/v24.1.0/node-v24.1.0-darwin-arm64.tar.gz"

[tools.node."platforms.macos-x64"]
checksum = "sha256:cdb47a43209c2fa4b6d9ccf7b71e59096448d172d0034aa213284f8931ef0946"
url = "https://nodejs.org/dist/v24.1.0/node-v24.1.0-darwin-x64.tar.gz"

[tools.node."platforms.windows-x64"]
checksum = "sha256:81d6774f5c1581c7ddd32fb25cf6138f68755dfbb245025d05a249aafa35ea9d"
url = "https://nodejs.org/dist/v24.1.0/node-v24.1.0-win-x64.zip"

[[tools.node]]
version = "25.9.0"
backend = "core:node"

[tools.node."platforms.linux-arm64"]
checksum = "sha256:8fb4283301b8c720fc9f18bffff0f659e72cc14d0cf207a3bb411808aaa73a57"
url = "https://nodejs.org/dist/v25.9.0/node-v25.9.0-linux-arm64.tar.gz"

[tools.node."platforms.linux-arm64-musl"]
checksum = "sha256:8fb4283301b8c720fc9f18bffff0f659e72cc14d0cf207a3bb411808aaa73a57"
url = "https://nodejs.org/dist/v25.9.0/node-v25.9.0-linux-arm64.tar.gz"

[tools.node."platforms.linux-x64"]
checksum = "sha256:134e55b2408448a219760fe04dc44d6851f9de8a79549021ffd870e9082d9e7b"
url = "https://nodejs.org/dist/v25.9.0/node-v25.9.0-linux-x64.tar.gz"

[tools.node."platforms.linux-x64-musl"]
checksum = "sha256:134e55b2408448a219760fe04dc44d6851f9de8a79549021ffd870e9082d9e7b"
url = "https://nodejs.org/dist/v25.9.0/node-v25.9.0-linux-x64.tar.gz"

[tools.node."platforms.macos-arm64"]
checksum = "sha256:e479f3c469d3d9303a44f00a8ea37a3788395d171bb8059c48a4bbbd2e371b59"
url = "https://nodejs.org/dist/v25.9.0/node-v25.9.0-darwin-arm64.tar.gz"

[tools.node."platforms.macos-x64"]
checksum = "sha256:7d737b53ce191142bfa1c17cfa5b070d96e84eebf76b8dd06d84981cbdc3f7e3"
url = "https://nodejs.org/dist/v25.9.0/node-v25.9.0-darwin-x64.tar.gz"

[tools.node."platforms.windows-x64"]
checksum = "sha256:929552b8305effac843ba7b4270c437aefb702fc3fbd73fcd1bffd35d4ac284e"
url = "https://nodejs.org/dist/v25.9.0/node-v25.9.0-win-x64.zip"

[[tools."pipx:icdiff"]]
version = "2.0.7"
backend = "pipx:icdiff"

[[tools.python]]
version = "3.12.6"
backend = "core:python"

[tools.python."platforms.linux-arm64"]
checksum = "sha256:22d119ac7df7f0bddfd4dfd075bcc4eb2532ed3df0bdba0579106835d49ef9cd"
url = "https://github.com/astral-sh/python-build-standalone/releases/download/20240909/cpython-3.12.6+20240909-aarch64-unknown-linux-gnu-install_only_stripped.tar.gz"
provenance = "github-attestations"

[tools.python."platforms.linux-arm64-musl"]
checksum = "sha256:22d119ac7df7f0bddfd4dfd075bcc4eb2532ed3df0bdba0579106835d49ef9cd"
url = "https://github.com/astral-sh/python-build-standalone/releases/download/20240909/cpython-3.12.6+20240909-aarch64-unknown-linux-gnu-install_only_stripped.tar.gz"
provenance = "github-attestations"

[tools.python."platforms.linux-x64"]
checksum = "sha256:b080463e4f0c452e592cdac1ca97936a6a19bb3d9a64da669a50ca843fce0108"
url = "https://github.com/astral-sh/python-build-standalone/releases/download/20240909/cpython-3.12.6+20240909-x86_64-unknown-linux-gnu-install_only_stripped.tar.gz"
provenance = "github-attestations"

[tools.python."platforms.linux-x64-musl"]
checksum = "sha256:b080463e4f0c452e592cdac1ca97936a6a19bb3d9a64da669a50ca843fce0108"
url = "https://github.com/astral-sh/python-build-standalone/releases/download/20240909/cpython-3.12.6+20240909-x86_64-unknown-linux-gnu-install_only_stripped.tar.gz"
provenance = "github-attestations"

[tools.python."platforms.macos-arm64"]
checksum = "sha256:0419bafa4444a5aa0c554197bce0679e7cc0f28edc7ee8cfbe0ccea860bdb904"
url = "https://github.com/astral-sh/python-build-standalone/releases/download/20240909/cpython-3.12.6+20240909-aarch64-apple-darwin-install_only_stripped.tar.gz"
provenance = "github-attestations"

[tools.python."platforms.macos-x64"]
checksum = "sha256:b10d19eb5548a3b3b0a5e6f9109834d7ecfc139bc15754f81a94d39eaa5bdd26"
url = "https://github.com/astral-sh/python-build-standalone/releases/download/20240909/cpython-3.12.6+20240909-x86_64-apple-darwin-install_only_stripped.tar.gz"
provenance = "github-attestations"

[tools.python."platforms.windows-x64"]
checksum = "sha256:fe9898060f52c2171c2aa074f470f91339bdcf9896dae6709021c914f58aa863"
url = "https://github.com/astral-sh/python-build-standalone/releases/download/20240909/cpython-3.12.6+20240909-x86_64-pc-windows-msvc-install_only_stripped.tar.gz"
provenance = "github-attestations"

[[tools.python]]
version = "3.14.3"
backend = "core:python"

[tools.python."platforms.linux-arm64"]
checksum = "sha256:53700338695e402a1a1fe22be4a41fbdacc70e22bb308a48eca8ed67cb7992be"
url = "https://github.com/astral-sh/python-build-standalone/releases/download/20260324/cpython-3.14.3+20260324-aarch64-unknown-linux-gnu-install_only_stripped.tar.gz"
provenance = "github-attestations"

[tools.python."platforms.linux-arm64-musl"]
checksum = "sha256:53700338695e402a1a1fe22be4a41fbdacc70e22bb308a48eca8ed67cb7992be"
url = "https://github.com/astral-sh/python-build-standalone/releases/download/20260324/cpython-3.14.3+20260324-aarch64-unknown-linux-gnu-install_only_stripped.tar.gz"
provenance = "github-attestations"

[tools.python."platforms.linux-x64"]
checksum = "sha256:d7a9f970914bb4c88756fe3bdcc186d4feb90e9500e54f1db47dae4dc9687e39"
url = "https://github.com/astral-sh/python-build-standalone/releases/download/20260324/cpython-3.14.3+20260324-x86_64-unknown-linux-gnu-install_only_stripped.tar.gz"
provenance = "github-attestations"

[tools.python."platforms.linux-x64-musl"]
checksum = "sha256:d7a9f970914bb4c88756fe3bdcc186d4feb90e9500e54f1db47dae4dc9687e39"
url = "https://github.com/astral-sh/python-build-standalone/releases/download/20260324/cpython-3.14.3+20260324-x86_64-unknown-linux-gnu-install_only_stripped.tar.gz"
provenance = "github-attestations"

[tools.python."platforms.macos-arm64"]
checksum = "sha256:c43aecde4a663aebff99b9b83da0efec506479f1c3f98331442f33d2c43501f9"
url = "https://github.com/astral-sh/python-build-standalone/releases/download/20260324/cpython-3.14.3+20260324-aarch64-apple-darwin-install_only_stripped.tar.gz"
provenance = "github-attestations"

[tools.python."platforms.macos-x64"]
checksum = "sha256:9ab41dbc2f100a2a45d1833b9c11165f51051c558b5213eda9a9731d5948a0c0"
url = "https://github.com/astral-sh/python-build-standalone/releases/download/20260324/cpython-3.14.3+20260324-x86_64-apple-darwin-install_only_stripped.tar.gz"
provenance = "github-attestations"

[tools.python."platforms.windows-x64"]
checksum = "sha256:bbe19034b35b0267176a7442575ae7dc6343480fd4d35598cb7700173d431e09"
url = "https://github.com/astral-sh/python-build-standalone/releases/download/20260324/cpython-3.14.3+20260324-x86_64-pc-windows-msvc-install_only_stripped.tar.gz"
provenance = "github-attestations"

[[tools.rust]]
version = "1.81.0"
backend = "asdf:rust"

[[tools.rust]]
version = "1.94.1"
backend = "asdf:rust"

[[tools."ubi:ajeetdsouza/zoxide"]]
version = "0.9.9"
backend = "ubi:ajeetdsouza/zoxide"

[[tools."ubi:pranshuparmar/witr"]]
version = "0.3.1"
backend = "ubi:pranshuparmar/witr"

[[tools."ubi:sharkdp/bat"]]
version = "0.26.1"
backend = "ubi:sharkdp/bat"

[[tools."ubi:starship/starship"]]
version = "1.24.2"
backend = "ubi:starship/starship"

[[tools."ubi:yt-dlp/yt-dlp"]]
version = "2026.03.17"
backend = "ubi:yt-dlp/yt-dlp"
