# @generated - this file is auto-generated by `mise lock` https://mise.en.dev/dev-tools/mise-lock.html

[[tools."aqua:anthropics/claude-code"]]
version = "2.1.126"
backend = "aqua:anthropics/claude-code"

[tools."aqua:anthropics/claude-code"."platforms.linux-arm64"]
url = "https://storage.googleapis.com/claude-code-dist-86c565f3-f756-42ad-8dfa-d59b1c096819/claude-code-releases/2.1.126/linux-arm64/claude"

[tools."aqua:anthropics/claude-code"."platforms.linux-arm64-musl"]
url = "https://storage.googleapis.com/claude-code-dist-86c565f3-f756-42ad-8dfa-d59b1c096819/claude-code-releases/2.1.126/linux-arm64/claude"

[tools."aqua:anthropics/claude-code"."platforms.linux-x64"]
url = "https://storage.googleapis.com/claude-code-dist-86c565f3-f756-42ad-8dfa-d59b1c096819/claude-code-releases/2.1.126/linux-x64/claude"

[tools."aqua:anthropics/claude-code"."platforms.linux-x64-musl"]
url = "https://storage.googleapis.com/claude-code-dist-86c565f3-f756-42ad-8dfa-d59b1c096819/claude-code-releases/2.1.126/linux-x64/claude"

[tools."aqua:anthropics/claude-code"."platforms.macos-arm64"]
checksum = "blake3:de244fa1f2a3b8dc439d3c6d4cfe6f0739cb944427ffadc2b14f3db36b785b8d"
url = "https://storage.googleapis.com/claude-code-dist-86c565f3-f756-42ad-8dfa-d59b1c096819/claude-code-releases/2.1.126/darwin-arm64/claude"

[tools."aqua:anthropics/claude-code"."platforms.macos-x64"]
url = "https://storage.googleapis.com/claude-code-dist-86c565f3-f756-42ad-8dfa-d59b1c096819/claude-code-releases/2.1.126/darwin-x64/claude"

[[tools."aqua:bitwarden/clients"]]
version = "2026.4.1"
backend = "aqua:bitwarden/clients"

[tools."aqua:bitwarden/clients"."platforms.linux-x64"]
checksum = "sha256:2172dc63f821fcbd4b4ce65e7106f1ebab26b6cb16c9c8a5b28230dcc6f8a774"
url = "https://github.com/bitwarden/clients/releases/download/cli-v2026.4.1/bw-linux-2026.4.1.zip"

[tools."aqua:bitwarden/clients"."platforms.linux-x64-musl"]
checksum = "sha256:2172dc63f821fcbd4b4ce65e7106f1ebab26b6cb16c9c8a5b28230dcc6f8a774"
url = "https://github.com/bitwarden/clients/releases/download/cli-v2026.4.1/bw-linux-2026.4.1.zip"

[tools."aqua:bitwarden/clients"."platforms.macos-arm64"]
checksum = "sha256:964f2645fb11c44d00a3de0aaa337468b4ecd55a56f9cb7d114b77799086d9f3"
url = "https://github.com/bitwarden/clients/releases/download/cli-v2026.4.1/bw-macos-2026.4.1.zip"

[tools."aqua:bitwarden/clients"."platforms.macos-x64"]
checksum = "sha256:964f2645fb11c44d00a3de0aaa337468b4ecd55a56f9cb7d114b77799086d9f3"
url = "https://github.com/bitwarden/clients/releases/download/cli-v2026.4.1/bw-macos-2026.4.1.zip"

[tools."aqua:bitwarden/clients"."platforms.windows-x64"]
checksum = "sha256:e19cc1ef466ac7f48b632b0143f74725da0f9b6bbef750b8bdd08356ce87e49b"
url = "https://github.com/bitwarden/clients/releases/download/cli-v2026.4.1/bw-windows-2026.4.1.zip"

[[tools."aqua:jqlang/jq"]]
version = "1.8.1"
backend = "aqua:jqlang/jq"

[tools."aqua:jqlang/jq"."platforms.linux-arm64"]
checksum = "sha256:6bc62f25981328edd3cfcfe6fe51b073f2d7e7710d7ef7fcdac28d4e384fc3d4"
url = "https://github.com/jqlang/jq/releases/download/jq-1.8.1/jq-linux-arm64"
provenance = "github-attestations"

[tools."aqua:jqlang/jq"."platforms.linux-arm64-musl"]
checksum = "sha256:6bc62f25981328edd3cfcfe6fe51b073f2d7e7710d7ef7fcdac28d4e384fc3d4"
url = "https://github.com/jqlang/jq/releases/download/jq-1.8.1/jq-linux-arm64"
provenance = "github-attestations"

[tools."aqua:jqlang/jq"."platforms.linux-x64"]
checksum = "sha256:020468de7539ce70ef1bceaf7cde2e8c4f2ca6c3afb84642aabc5c97d9fc2a0d"
url = "https://github.com/jqlang/jq/releases/download/jq-1.8.1/jq-linux-amd64"
provenance = "github-attestations"

[tools."aqua:jqlang/jq"."platforms.linux-x64-musl"]
checksum = "sha256:020468de7539ce70ef1bceaf7cde2e8c4f2ca6c3afb84642aabc5c97d9fc2a0d"
url = "https://github.com/jqlang/jq/releases/download/jq-1.8.1/jq-linux-amd64"
provenance = "github-attestations"

[tools."aqua:jqlang/jq"."platforms.macos-arm64"]
checksum = "sha256:a9fe3ea2f86dfc72f6728417521ec9067b343277152b114f4e98d8cb0e263603"
url = "https://github.com/jqlang/jq/releases/download/jq-1.8.1/jq-macos-arm64"
provenance = "github-attestations"

[tools."aqua:jqlang/jq"."platforms.macos-x64"]
checksum = "sha256:e80dbe0d2a2597e3c11c404f03337b981d74b4a8504b70586c354b7697a7c27f"
url = "https://github.com/jqlang/jq/releases/download/jq-1.8.1/jq-macos-amd64"
provenance = "github-attestations"

[tools."aqua:jqlang/jq"."platforms.windows-x64"]
checksum = "sha256:23cb60a1354eed6bcc8d9b9735e8c7b388cd1fdcb75726b93bc299ef22dd9334"
url = "https://github.com/jqlang/jq/releases/download/jq-1.8.1/jq-windows-amd64.exe"
provenance = "github-attestations"

[[tools."github:a8m/envsubst"]]
version = "1.4.3"
backend = "github:a8m/envsubst"

[tools."github:a8m/envsubst"."platforms.linux-arm64"]
checksum = "md5:6d4a9e5ea75525bff5cfc44c65030c95"
url = "https://github.com/a8m/envsubst/releases/download/v1.4.3/envsubst-Linux-arm64"
url_api = "https://api.github.com/repos/a8m/envsubst/releases/assets/232842613"

[tools."github:a8m/envsubst"."platforms.linux-arm64-musl"]
checksum = "md5:6d4a9e5ea75525bff5cfc44c65030c95"
url = "https://github.com/a8m/envsubst/releases/download/v1.4.3/envsubst-Linux-arm64"
url_api = "https://api.github.com/repos/a8m/envsubst/releases/assets/232842613"

[tools."github:a8m/envsubst"."platforms.linux-x64"]
checksum = "md5:f16bdc6948726c00d3d96908221464e1"
url = "https://github.com/a8m/envsubst/releases/download/v1.4.3/envsubst-Linux-x86_64"
url_api = "https://api.github.com/repos/a8m/envsubst/releases/assets/232842596"

[tools."github:a8m/envsubst"."platforms.linux-x64-musl"]
checksum = "md5:f16bdc6948726c00d3d96908221464e1"
url = "https://github.com/a8m/envsubst/releases/download/v1.4.3/envsubst-Linux-x86_64"
url_api = "https://api.github.com/repos/a8m/envsubst/releases/assets/232842596"

[tools."github:a8m/envsubst"."platforms.macos-arm64"]
checksum = "md5:d0060b1585156176354f96cd570a4cc1"
url = "https://github.com/a8m/envsubst/releases/download/v1.4.3/envsubst-Darwin-arm64"
url_api = "https://api.github.com/repos/a8m/envsubst/releases/assets/232842595"

[tools."github:a8m/envsubst"."platforms.macos-x64"]
checksum = "md5:f0c1f592bff9f2842b4bcf4d6e7aac10"
url = "https://github.com/a8m/envsubst/releases/download/v1.4.3/envsubst-Darwin-x86_64"
url_api = "https://api.github.com/repos/a8m/envsubst/releases/assets/232842616"

[[tools."github:ajeetdsouza/zoxide"]]
version = "0.9.9"
backend = "github:ajeetdsouza/zoxide"

[tools."github:ajeetdsouza/zoxide"."platforms.linux-arm64"]
checksum = "sha256:7d3687aa803212186d3207d152daec4bd46112110f1ddef070e5369d8e193a8c"
url = "https://github.com/ajeetdsouza/zoxide/releases/download/v0.9.9/zoxide-0.9.9-aarch64-linux-android.tar.gz"
url_api = "https://api.github.com/repos/ajeetdsouza/zoxide/releases/assets/348580845"

[tools."github:ajeetdsouza/zoxide"."platforms.linux-arm64-musl"]
checksum = "sha256:96e6ea2e47a71db42cb7ad5a36e9209c8cb3708f8ae00f6945573d0d93315cb0"
url = "https://github.com/ajeetdsouza/zoxide/releases/download/v0.9.9/zoxide-0.9.9-aarch64-unknown-linux-musl.tar.gz"
url_api = "https://api.github.com/repos/ajeetdsouza/zoxide/releases/assets/348580828"

[tools."github:ajeetdsouza/zoxide"."platforms.linux-x64"]
checksum = "sha256:4ff057d3c4d957946937274c2b8be7af2a9bbae7f90a1b5e9baaa7cb65a20caa"
url = "https://github.com/ajeetdsouza/zoxide/releases/download/v0.9.9/zoxide-0.9.9-x86_64-unknown-linux-musl.tar.gz"
url_api = "https://api.github.com/repos/ajeetdsouza/zoxide/releases/assets/348580823"

[tools."github:ajeetdsouza/zoxide"."platforms.linux-x64-musl"]
checksum = "sha256:4ff057d3c4d957946937274c2b8be7af2a9bbae7f90a1b5e9baaa7cb65a20caa"
url = "https://github.com/ajeetdsouza/zoxide/releases/download/v0.9.9/zoxide-0.9.9-x86_64-unknown-linux-musl.tar.gz"
url_api = "https://api.github.com/repos/ajeetdsouza/zoxide/releases/assets/348580823"

[tools."github:ajeetdsouza/zoxide"."platforms.macos-arm64"]
checksum = "sha256:57e733d0436309dae2ed97e46bba43937209395298e1d88812d4e893900cb40a"
url = "https://github.com/ajeetdsouza/zoxide/releases/download/v0.9.9/zoxide-0.9.9-aarch64-apple-darwin.tar.gz"
url_api = "https://api.github.com/repos/ajeetdsouza/zoxide/releases/assets/348580748"

[tools."github:ajeetdsouza/zoxide"."platforms.macos-x64"]
checksum = "sha256:364249cff18354397c72ebb6b8f7358404c051c486e0f2f7a46e36c86c16f8c7"
url = "https://github.com/ajeetdsouza/zoxide/releases/download/v0.9.9/zoxide-0.9.9-x86_64-apple-darwin.tar.gz"
url_api = "https://api.github.com/repos/ajeetdsouza/zoxide/releases/assets/348580756"

[tools."github:ajeetdsouza/zoxide"."platforms.windows-x64"]
checksum = "sha256:5af00d0916f05631e3030537289eac56605e7c1733318c4d525c8e847f12496d"
url = "https://github.com/ajeetdsouza/zoxide/releases/download/v0.9.9/zoxide-0.9.9-x86_64-pc-windows-msvc.zip"
url_api = "https://api.github.com/repos/ajeetdsouza/zoxide/releases/assets/348580868"

[[tools."github:cli/cli"]]
version = "2.89.0"
backend = "github:cli/cli"

[tools."github:cli/cli"."platforms.linux-arm64"]
checksum = "sha256:9e64a623dfc242990aa5d9b3f507111149c4282f66b68eaad1dc79eeb13b9ce5"
url = "https://github.com/cli/cli/releases/download/v2.89.0/gh_2.89.0_linux_arm64.tar.gz"
url_api = "https://api.github.com/repos/cli/cli/releases/assets/382152834"
provenance = "github-attestations"

[tools."github:cli/cli"."platforms.linux-arm64-musl"]
checksum = "sha256:9e64a623dfc242990aa5d9b3f507111149c4282f66b68eaad1dc79eeb13b9ce5"
url = "https://github.com/cli/cli/releases/download/v2.89.0/gh_2.89.0_linux_arm64.tar.gz"
url_api = "https://api.github.com/repos/cli/cli/releases/assets/382152834"
provenance = "github-attestations"

[tools."github:cli/cli"."platforms.linux-x64"]
checksum = "sha256:d0422caade520530e76c1c558da47daebaa8e1203d6b7ff10ad7d6faba3490d8"
url = "https://github.com/cli/cli/releases/download/v2.89.0/gh_2.89.0_linux_amd64.tar.gz"
url_api = "https://api.github.com/repos/cli/cli/releases/assets/382152824"
provenance = "github-attestations"

[tools."github:cli/cli"."platforms.linux-x64-musl"]
checksum = "sha256:d0422caade520530e76c1c558da47daebaa8e1203d6b7ff10ad7d6faba3490d8"
url = "https://github.com/cli/cli/releases/download/v2.89.0/gh_2.89.0_linux_amd64.tar.gz"
url_api = "https://api.github.com/repos/cli/cli/releases/assets/382152824"
provenance = "github-attestations"

[tools."github:cli/cli"."platforms.macos-arm64"]
checksum = "sha256:2423d02ec0a2094898c378703a1b28a5846c08700f87461363857cb8cb3fda94"
url = "https://github.com/cli/cli/releases/download/v2.89.0/gh_2.89.0_macOS_arm64.zip"
url_api = "https://api.github.com/repos/cli/cli/releases/assets/382152851"
provenance = "github-attestations"

[tools."github:cli/cli"."platforms.macos-x64"]
checksum = "sha256:862e21cac6a71f81e7cd6e5127e3cd344f8537441ad2db94cd208319dd17b6e9"
url = "https://github.com/cli/cli/releases/download/v2.89.0/gh_2.89.0_macOS_amd64.zip"
url_api = "https://api.github.com/repos/cli/cli/releases/assets/382152850"
provenance = "github-attestations"

[tools."github:cli/cli"."platforms.windows-x64"]
checksum = "sha256:f3326f6406c98c99701b257d77e2b040eedf83d0176c2c2e9809aa339ceb467e"
url = "https://github.com/cli/cli/releases/download/v2.89.0/gh_2.89.0_windows_amd64.zip"
url_api = "https://api.github.com/repos/cli/cli/releases/assets/382152866"
provenance = "github-attestations"

[[tools."github:dandavison/delta"]]
version = "0.16.5"
backend = "github:dandavison/delta"

[tools."github:dandavison/delta"."platforms.linux-arm64"]
url = "https://github.com/dandavison/delta/releases/download/0.16.5/delta-0.16.5-aarch64-unknown-linux-gnu.tar.gz"
url_api = "https://api.github.com/repos/dandavison/delta/releases/assets/111116877"

[tools."github:dandavison/delta"."platforms.linux-arm64-musl"]
url = "https://github.com/dandavison/delta/releases/download/0.16.5/delta-0.16.5-aarch64-unknown-linux-gnu.tar.gz"
url_api = "https://api.github.com/repos/dandavison/delta/releases/assets/111116877"

[tools."github:dandavison/delta"."platforms.linux-x64"]
url = "https://github.com/dandavison/delta/releases/download/0.16.5/delta-0.16.5-x86_64-unknown-linux-gnu.tar.gz"
url_api = "https://api.github.com/repos/dandavison/delta/releases/assets/111116545"

[tools."github:dandavison/delta"."platforms.linux-x64-musl"]
url = "https://github.com/dandavison/delta/releases/download/0.16.5/delta-0.16.5-x86_64-unknown-linux-musl.tar.gz"
url_api = "https://api.github.com/repos/dandavison/delta/releases/assets/111116736"

[tools."github:dandavison/delta"."platforms.macos-arm64"]
url = "https://github.com/dandavison/delta/releases/download/0.16.5/delta-0.16.5-aarch64-apple-darwin.tar.gz"
url_api = "https://api.github.com/repos/dandavison/delta/releases/assets/111117041"

[tools."github:dandavison/delta"."platforms.macos-x64"]
url = "https://github.com/dandavison/delta/releases/download/0.16.5/delta-0.16.5-x86_64-apple-darwin.tar.gz"
url_api = "https://api.github.com/repos/dandavison/delta/releases/assets/111116981"

[tools."github:dandavison/delta"."platforms.windows-x64"]
url = "https://github.com/dandavison/delta/releases/download/0.16.5/delta-0.16.5-x86_64-pc-windows-msvc.zip"
url_api = "https://api.github.com/repos/dandavison/delta/releases/assets/111116989"

[[tools."github:go-task/task"]]
version = "3.49.1"
backend = "github:go-task/task"

[tools."github:go-task/task"."platforms.linux-arm64"]
checksum = "sha256:aa6732c9c66397c5380ec2b60c070fd599075b2a8538dba03f3a21edc99ab0cb"
url = "https://github.com/go-task/task/releases/download/v3.49.1/task_linux_arm64.tar.gz"
url_api = "https://api.github.com/repos/go-task/task/releases/assets/369609773"

[tools."github:go-task/task"."platforms.linux-arm64-musl"]
checksum = "sha256:aa6732c9c66397c5380ec2b60c070fd599075b2a8538dba03f3a21edc99ab0cb"
url = "https://github.com/go-task/task/releases/download/v3.49.1/task_linux_arm64.tar.gz"
url_api = "https://api.github.com/repos/go-task/task/releases/assets/369609773"

[tools."github:go-task/task"."platforms.linux-x64"]
checksum = "sha256:4e7d24f1bf38218aec8f244eb7ba671f898830f9f87b3c9b30ff1c09e3135576"
url = "https://github.com/go-task/task/releases/download/v3.49.1/task_linux_amd64.tar.gz"
url_api = "https://api.github.com/repos/go-task/task/releases/assets/369609772"

[tools."github:go-task/task"."platforms.linux-x64-musl"]
checksum = "sha256:4e7d24f1bf38218aec8f244eb7ba671f898830f9f87b3c9b30ff1c09e3135576"
url = "https://github.com/go-task/task/releases/download/v3.49.1/task_linux_amd64.tar.gz"
url_api = "https://api.github.com/repos/go-task/task/releases/assets/369609772"

[tools."github:go-task/task"."platforms.macos-arm64"]
checksum = "sha256:0f556b66df69d53b790c7fd26bfab73543b4a5ce1767df6b2e8499619e2a205b"
url = "https://github.com/go-task/task/releases/download/v3.49.1/task_darwin_arm64.tar.gz"
url_api = "https://api.github.com/repos/go-task/task/releases/assets/369609792"

[tools."github:go-task/task"."platforms.macos-x64"]
checksum = "sha256:8bc4dd3baed1c71956ade0bb0a9c1b94e3ed7b65e7f2ff3aab13d0562c820e59"
url = "https://github.com/go-task/task/releases/download/v3.49.1/task_darwin_amd64.tar.gz"
url_api = "https://api.github.com/repos/go-task/task/releases/assets/369609774"

[tools."github:go-task/task"."platforms.windows-x64"]
checksum = "sha256:725c551f699d4d6c0dc57bd8148f72bef8d5b2fb650d9c985f271a61522fd521"
url = "https://github.com/go-task/task/releases/download/v3.49.1/task_windows_amd64.zip"
url_api = "https://api.github.com/repos/go-task/task/releases/assets/369609805"

[[tools."github:junegunn/fzf"]]
version = "0.70.0"
backend = "github:junegunn/fzf"

[tools."github:junegunn/fzf"."platforms.linux-arm64"]
checksum = "sha256:90a07a13b61f56dd59ccfd0f0bf05070e9cec067713d313fa2607aab2dc0e422"
url = "https://github.com/junegunn/fzf/releases/download/v0.70.0/fzf-0.70.0-linux_arm64.tar.gz"
url_api = "https://api.github.com/repos/junegunn/fzf/releases/assets/365142642"

[tools."github:junegunn/fzf"."platforms.linux-arm64-musl"]
checksum = "sha256:90a07a13b61f56dd59ccfd0f0bf05070e9cec067713d313fa2607aab2dc0e422"
url = "https://github.com/junegunn/fzf/releases/download/v0.70.0/fzf-0.70.0-linux_arm64.tar.gz"
url_api = "https://api.github.com/repos/junegunn/fzf/releases/assets/365142642"

[tools."github:junegunn/fzf"."platforms.linux-x64"]
checksum = "sha256:8fd0e0b93bdf64ba90081ffb6658d77ea5a024c122b36852b1de30f9d2733754"
url = "https://github.com/junegunn/fzf/releases/download/v0.70.0/fzf-0.70.0-linux_amd64.tar.gz"
url_api = "https://api.github.com/repos/junegunn/fzf/releases/assets/365142637"

[tools."github:junegunn/fzf"."platforms.linux-x64-musl"]
checksum = "sha256:8fd0e0b93bdf64ba90081ffb6658d77ea5a024c122b36852b1de30f9d2733754"
url = "https://github.com/junegunn/fzf/releases/download/v0.70.0/fzf-0.70.0-linux_amd64.tar.gz"
url_api = "https://api.github.com/repos/junegunn/fzf/releases/assets/365142637"

[tools."github:junegunn/fzf"."platforms.macos-arm64"]
checksum = "sha256:75f4905c2e3d00666d81dffdd001bb2a9a8e0ad4e4ac8cecfc17a7401b99e6e4"
url = "https://github.com/junegunn/fzf/releases/download/v0.70.0/fzf-0.70.0-darwin_arm64.tar.gz"
url_api = "https://api.github.com/repos/junegunn/fzf/releases/assets/365142661"

[tools."github:junegunn/fzf"."platforms.macos-x64"]
checksum = "sha256:46af74cfeb171c5e2eb936096a653061a0de0f5aeb70319bf9935d8d193e078f"
url = "https://github.com/junegunn/fzf/releases/download/v0.70.0/fzf-0.70.0-darwin_amd64.tar.gz"
url_api = "https://api.github.com/repos/junegunn/fzf/releases/assets/365142662"

[tools."github:junegunn/fzf"."platforms.windows-x64"]
checksum = "sha256:7465a6738e2c844742df973459c7509aed2d10d7a72bfd6de201b867b4eda4cd"
url = "https://github.com/junegunn/fzf/releases/download/v0.70.0/fzf-0.70.0-windows_amd64.zip"
url_api = "https://api.github.com/repos/junegunn/fzf/releases/assets/365142647"

[[tools."github:pranshuparmar/witr"]]
version = "0.3.1"
backend = "github:pranshuparmar/witr"

[tools."github:pranshuparmar/witr"."platforms.linux-arm64"]
checksum = "sha256:71a76374435fdc85906da485292ef1831c6b00787d2fc6c114ed502e9c04af4e"
url = "https://github.com/pranshuparmar/witr/releases/download/v0.3.1/witr-linux-arm64"
url_api = "https://api.github.com/repos/pranshuparmar/witr/releases/assets/376206272"

[tools."github:pranshuparmar/witr"."platforms.linux-arm64-musl"]
checksum = "sha256:71a76374435fdc85906da485292ef1831c6b00787d2fc6c114ed502e9c04af4e"
url = "https://github.com/pranshuparmar/witr/releases/download/v0.3.1/witr-linux-arm64"
url_api = "https://api.github.com/repos/pranshuparmar/witr/releases/assets/376206272"

[tools."github:pranshuparmar/witr"."platforms.linux-x64"]
checksum = "sha256:e2006ec892335316b4e12dc5a5c09fe0905afa46488da6d6d5a114fde009306b"
url = "https://github.com/pranshuparmar/witr/releases/download/v0.3.1/witr-linux-amd64"
url_api = "https://api.github.com/repos/pranshuparmar/witr/releases/assets/376206274"

[tools."github:pranshuparmar/witr"."platforms.linux-x64-musl"]
checksum = "sha256:e2006ec892335316b4e12dc5a5c09fe0905afa46488da6d6d5a114fde009306b"
url = "https://github.com/pranshuparmar/witr/releases/download/v0.3.1/witr-linux-amd64"
url_api = "https://api.github.com/repos/pranshuparmar/witr/releases/assets/376206274"

[tools."github:pranshuparmar/witr"."platforms.macos-arm64"]
checksum = "sha256:e5269e2d9f74c4689c3c5376adfc9ce1452c042b42928376cb5bf6a80e699dd5"
url = "https://github.com/pranshuparmar/witr/releases/download/v0.3.1/witr-darwin-arm64"
url_api = "https://api.github.com/repos/pranshuparmar/witr/releases/assets/376206279"

[tools."github:pranshuparmar/witr"."platforms.macos-x64"]
checksum = "sha256:e1a5b3afa7ec76dd26e3f39b3cfeb8aeb66b8c43517acafda46262c27bd56495"
url = "https://github.com/pranshuparmar/witr/releases/download/v0.3.1/witr-darwin-amd64"
url_api = "https://api.github.com/repos/pranshuparmar/witr/releases/assets/376206273"

[tools."github:pranshuparmar/witr"."platforms.windows-x64"]
checksum = "sha256:c64a3c6496fe7eb2376e4e8632dc686171c0eeed575aaab7d2f8435d65426f67"
url = "https://github.com/pranshuparmar/witr/releases/download/v0.3.1/witr-windows-amd64.zip"
url_api = "https://api.github.com/repos/pranshuparmar/witr/releases/assets/376206281"

[[tools."github:sharkdp/bat"]]
version = "0.26.1"
backend = "github:sharkdp/bat"

[tools."github:sharkdp/bat"."platforms.linux-arm64"]
checksum = "sha256:422eb73e11c854fddd99f5ca8461c2f1d6e6dce0a2a8c3d5daade5ffcb6564aa"
url = "https://github.com/sharkdp/bat/releases/download/v0.26.1/bat-v0.26.1-aarch64-unknown-linux-gnu.tar.gz"
url_api = "https://api.github.com/repos/sharkdp/bat/releases/assets/323548647"

[tools."github:sharkdp/bat"."platforms.linux-arm64-musl"]
checksum = "sha256:6369242c584065f195fb20cb36fbd7cb63ae690605bbe89868a7596b596c2c23"
url = "https://github.com/sharkdp/bat/releases/download/v0.26.1/bat-v0.26.1-aarch64-unknown-linux-musl.tar.gz"
url_api = "https://api.github.com/repos/sharkdp/bat/releases/assets/323548153"

[tools."github:sharkdp/bat"."platforms.linux-x64"]
checksum = "sha256:726f04c8f576a7fd18b7634f1bbf2f915c43494c1c0f013baa3287edb0d5a2a3"
url = "https://github.com/sharkdp/bat/releases/download/v0.26.1/bat-v0.26.1-x86_64-unknown-linux-gnu.tar.gz"
url_api = "https://api.github.com/repos/sharkdp/bat/releases/assets/323549181"

[tools."github:sharkdp/bat"."platforms.linux-x64-musl"]
checksum = "sha256:0dcd8ac79732c0d5b136f11f4ee00e581440e16a44eab5b3105b611bbf2cf191"
url = "https://github.com/sharkdp/bat/releases/download/v0.26.1/bat-v0.26.1-x86_64-unknown-linux-musl.tar.gz"
url_api = "https://api.github.com/repos/sharkdp/bat/releases/assets/323549429"

[tools."github:sharkdp/bat"."platforms.macos-arm64"]
checksum = "sha256:e30beff26779c9bf60bb541e1d79046250cb74378f2757f8eb250afddb19e114"
url = "https://github.com/sharkdp/bat/releases/download/v0.26.1/bat-v0.26.1-aarch64-apple-darwin.tar.gz"
url_api = "https://api.github.com/repos/sharkdp/bat/releases/assets/323548442"

[tools."github:sharkdp/bat"."platforms.macos-x64"]
checksum = "sha256:830d63b0bba1fa040542ec569e3cf77f60d3356b9de75116a344b061e0894245"
url = "https://github.com/sharkdp/bat/releases/download/v0.26.1/bat-v0.26.1-x86_64-apple-darwin.tar.gz"
url_api = "https://api.github.com/repos/sharkdp/bat/releases/assets/323549786"

[tools."github:sharkdp/bat"."platforms.windows-x64"]
checksum = "sha256:0f729b4b6f5f28d395c641eacc2e9ff68d0096b85aa0eec344aa62425144b69b"
url = "https://github.com/sharkdp/bat/releases/download/v0.26.1/bat-v0.26.1-x86_64-pc-windows-msvc.zip"
url_api = "https://api.github.com/repos/sharkdp/bat/releases/assets/323549116"

[[tools."github:starship/starship"]]
version = "1.24.2"
backend = "github:starship/starship"

[tools."github:starship/starship"."platforms.linux-arm64"]
checksum = "sha256:56b9ff412bbf374d29b99e5ac09a849124cb37a0a13121e8470df32de53c1ea6"
url = "https://github.com/starship/starship/releases/download/v1.24.2/starship-aarch64-unknown-linux-musl.tar.gz"
url_api = "https://api.github.com/repos/starship/starship/releases/assets/334568404"

[tools."github:starship/starship"."platforms.linux-arm64-musl"]
checksum = "sha256:56b9ff412bbf374d29b99e5ac09a849124cb37a0a13121e8470df32de53c1ea6"
url = "https://github.com/starship/starship/releases/download/v1.24.2/starship-aarch64-unknown-linux-musl.tar.gz"
url_api = "https://api.github.com/repos/starship/starship/releases/assets/334568404"

[tools."github:starship/starship"."platforms.linux-x64"]
checksum = "sha256:3f12f61883ff324c1dbe7b885fa125d5490960e5cad6a12eeaa34695ec1b5744"
url = "https://github.com/starship/starship/releases/download/v1.24.2/starship-x86_64-unknown-linux-gnu.tar.gz"
url_api = "https://api.github.com/repos/starship/starship/releases/assets/334568392"

[tools."github:starship/starship"."platforms.linux-x64-musl"]
checksum = "sha256:00ff3c1f8ffb59b5c15d4b44c076bcca04d92cf0055c86b916248c14f3ae714a"
url = "https://github.com/starship/starship/releases/download/v1.24.2/starship-x86_64-unknown-linux-musl.tar.gz"
url_api = "https://api.github.com/repos/starship/starship/releases/assets/334568387"

[tools."github:starship/starship"."platforms.macos-arm64"]
checksum = "sha256:d3a0da21374962625a2ee992110979bc1fa33424d7b6aea58a70405e26544fd9"
url = "https://github.com/starship/starship/releases/download/v1.24.2/starship-aarch64-apple-darwin.tar.gz"
url_api = "https://api.github.com/repos/starship/starship/releases/assets/334568411"

[tools."github:starship/starship"."platforms.macos-x64"]
checksum = "sha256:237beb10cc970c4361536e9f9f434dfed755f8282c5cd951b6a7e3fcbda8e779"
url = "https://github.com/starship/starship/releases/download/v1.24.2/starship-x86_64-apple-darwin.tar.gz"
url_api = "https://api.github.com/repos/starship/starship/releases/assets/334568409"

[tools."github:starship/starship"."platforms.windows-x64"]
checksum = "sha256:d38424c595320e9639a276666347d5e44cb004de3972f40b9a5a1a6b88537f29"
url = "https://github.com/starship/starship/releases/download/v1.24.2/starship-x86_64-pc-windows-msvc.zip"
url_api = "https://api.github.com/repos/starship/starship/releases/assets/334568406"

[[tools."github:yt-dlp/yt-dlp"]]
version = "2026.03.17"
backend = "github:yt-dlp/yt-dlp"

[tools."github:yt-dlp/yt-dlp"."platforms.linux-arm64"]
checksum = "sha256:92229229f6e1fbefd33a0ba55bf3dd50554f3fe04cfaa8d133dfdbe5b144c1dc"
url = "https://github.com/yt-dlp/yt-dlp/releases/download/2026.03.17/yt-dlp_linux_aarch64.zip"
url_api = "https://api.github.com/repos/yt-dlp/yt-dlp/releases/assets/376073945"

[tools."github:yt-dlp/yt-dlp"."platforms.linux-arm64-musl"]
checksum = "sha256:92229229f6e1fbefd33a0ba55bf3dd50554f3fe04cfaa8d133dfdbe5b144c1dc"
url = "https://github.com/yt-dlp/yt-dlp/releases/download/2026.03.17/yt-dlp_linux_aarch64.zip"
url_api = "https://api.github.com/repos/yt-dlp/yt-dlp/releases/assets/376073945"

[tools."github:yt-dlp/yt-dlp"."platforms.linux-x64"]
checksum = "sha256:addc00e4509ad82e9c06f7ef35a8ca0ccd09b33a295212a475d0cf16c16e1466"
url = "https://github.com/yt-dlp/yt-dlp/releases/download/2026.03.17/yt-dlp_linux.zip"
url_api = "https://api.github.com/repos/yt-dlp/yt-dlp/releases/assets/376073941"

[tools."github:yt-dlp/yt-dlp"."platforms.linux-x64-musl"]
checksum = "sha256:addc00e4509ad82e9c06f7ef35a8ca0ccd09b33a295212a475d0cf16c16e1466"
url = "https://github.com/yt-dlp/yt-dlp/releases/download/2026.03.17/yt-dlp_linux.zip"
url_api = "https://api.github.com/repos/yt-dlp/yt-dlp/releases/assets/376073941"

[tools."github:yt-dlp/yt-dlp"."platforms.macos-arm64"]
checksum = "sha256:6335a1d6c2d2d5d018d9ed348631a1cf1c63e3c1621c284a97b6196dd75645f5"
url = "https://github.com/yt-dlp/yt-dlp/releases/download/2026.03.17/yt-dlp_macos.zip"
url_api = "https://api.github.com/repos/yt-dlp/yt-dlp/releases/assets/376073948"
provenance = "github-attestations"

[tools."github:yt-dlp/yt-dlp"."platforms.macos-x64"]
checksum = "sha256:6335a1d6c2d2d5d018d9ed348631a1cf1c63e3c1621c284a97b6196dd75645f5"
url = "https://github.com/yt-dlp/yt-dlp/releases/download/2026.03.17/yt-dlp_macos.zip"
url_api = "https://api.github.com/repos/yt-dlp/yt-dlp/releases/assets/376073948"

[tools."github:yt-dlp/yt-dlp"."platforms.windows-x64"]
checksum = "sha256:cd54a6e94516bd7d56cc6842cef21278b7624d5e7f25d96aa8461ffb5d345067"
url = "https://github.com/yt-dlp/yt-dlp/releases/download/2026.03.17/yt-dlp_win.zip"
url_api = "https://api.github.com/repos/yt-dlp/yt-dlp/releases/assets/376074032"

[[tools.go]]
version = "1.26.1"
backend = "core:go"

[tools.go."platforms.linux-arm64"]
checksum = "sha256:a290581cfe4fe28ddd737dde3095f3dbeb7f2e4065cab4eae44dfc53b760c2f7"
url = "https://dl.google.com/go/go1.26.1.linux-arm64.tar.gz"

[tools.go."platforms.linux-arm64-musl"]
checksum = "sha256:a290581cfe4fe28ddd737dde3095f3dbeb7f2e4065cab4eae44dfc53b760c2f7"
url = "https://dl.google.com/go/go1.26.1.linux-arm64.tar.gz"

[tools.go."platforms.linux-x64"]
checksum = "sha256:031f088e5d955bab8657ede27ad4e3bc5b7c1ba281f05f245bcc304f327c987a"
url = "https://dl.google.com/go/go1.26.1.linux-amd64.tar.gz"

[tools.go."platforms.linux-x64-musl"]
checksum = "sha256:031f088e5d955bab8657ede27ad4e3bc5b7c1ba281f05f245bcc304f327c987a"
url = "https://dl.google.com/go/go1.26.1.linux-amd64.tar.gz"

[tools.go."platforms.macos-arm64"]
checksum = "sha256:353df43a7811ce284c8938b5f3c7df40b7bfb6f56cb165b150bc40b5e2dd541f"
url = "https://dl.google.com/go/go1.26.1.darwin-arm64.tar.gz"

[tools.go."platforms.macos-x64"]
checksum = "sha256:65773dab2f8cc4cd23d93ba6d0a805de150ca0b78378879292be0b903b8cdd08"
url = "https://dl.google.com/go/go1.26.1.darwin-amd64.tar.gz"

[tools.go."platforms.windows-x64"]
checksum = "sha256:9b68112c913f45b7aebbf13c036721264bbba7e03a642f8f7490c561eebd1ecc"
url = "https://dl.google.com/go/go1.26.1.windows-amd64.zip"

[[tools."go:github.com/ankitpokhrel/jira-cli/cmd/jira"]]
version = "1.7.0"
backend = "go:github.com/ankitpokhrel/jira-cli/cmd/jira"

[[tools."go:github.com/kubecolor/kubecolor"]]
version = "0.5.3"
backend = "go:github.com/kubecolor/kubecolor"

[[tools.node]]
version = "25.9.0"
backend = "core:node"

[tools.node."platforms.linux-arm64"]
checksum = "sha256:8fb4283301b8c720fc9f18bffff0f659e72cc14d0cf207a3bb411808aaa73a57"
url = "https://nodejs.org/dist/v25.9.0/node-v25.9.0-linux-arm64.tar.gz"

[tools.node."platforms.linux-arm64-musl"]
checksum = "sha256:97f6fe125faa51f84a7bb600d0cd7aefcfaaa0e75a5f49a7c61c3df91d12d535"
url = "https://unofficial-builds.nodejs.org/download/release/v25.9.0/node-v25.9.0-linux-arm64-musl.tar.gz"

[tools.node."platforms.linux-x64"]
checksum = "sha256:134e55b2408448a219760fe04dc44d6851f9de8a79549021ffd870e9082d9e7b"
url = "https://nodejs.org/dist/v25.9.0/node-v25.9.0-linux-x64.tar.gz"

[tools.node."platforms.linux-x64-musl"]
checksum = "sha256:1ac44af012be6bc17f1e3723edbf12897c0baeae5d1dc75b9f97d71413e4c8f5"
url = "https://unofficial-builds.nodejs.org/download/release/v25.9.0/node-v25.9.0-linux-x64-musl.tar.gz"

[tools.node."platforms.macos-arm64"]
checksum = "sha256:e479f3c469d3d9303a44f00a8ea37a3788395d171bb8059c48a4bbbd2e371b59"
url = "https://nodejs.org/dist/v25.9.0/node-v25.9.0-darwin-arm64.tar.gz"

[tools.node."platforms.macos-x64"]
checksum = "sha256:7d737b53ce191142bfa1c17cfa5b070d96e84eebf76b8dd06d84981cbdc3f7e3"
url = "https://nodejs.org/dist/v25.9.0/node-v25.9.0-darwin-x64.tar.gz"

[tools.node."platforms.windows-x64"]
checksum = "sha256:929552b8305effac843ba7b4270c437aefb702fc3fbd73fcd1bffd35d4ac284e"
url = "https://nodejs.org/dist/v25.9.0/node-v25.9.0-win-x64.zip"

[[tools."pipx:icdiff"]]
version = "2.0.7"
backend = "pipx:icdiff"

[[tools.python]]
version = "3.14.5"
backend = "core:python"

[tools.python.options]
compile = "true"

[[tools.rust]]
version = "1.94.1"
backend = "asdf:rust"
